// !$*UTF8*$!
{
	archiveVersion = 1;
	classes = {
	};
	objectVersion = 50;
	objects = {

/* Begin PBXBuildFile section */
		1BD3B7CA249F9178008C5FB3 /* AppDelegate.m in Sources */ = {isa = PBXBuildFile; fileRef = 1BD3B7C9249F9178008C5FB3 /* AppDelegate.m */; };
		1BD3B7CD249F9178008C5FB3 /* SceneDelegate.m in Sources */ = {isa = PBXBuildFile; fileRef = 1BD3B7CC249F9178008C5FB3 /* SceneDelegate.m */; };
		1BD3B7D0249F9178008C5FB3 /* ViewController.m in Sources */ = {isa = PBXBuildFile; fileRef = 1BD3B7CF249F9178008C5FB3 /* ViewController.m */; };
		1BD3B7D3249F9178008C5FB3 /* Main.storyboard in Resources */ = {isa = PBXBuildFile; fileRef = 1BD3B7D1249F9178008C5FB3 /* Main.storyboard */; };
		1BD3B7D6249F9178008C5FB3 /* SmartPortfolio.xcdatamodeld in Sources */ = {isa = PBXBuildFile; fileRef = 1BD3B7D4249F9178008C5FB3 /* SmartPortfolio.xcdatamodeld */; };
		1BD3B7D8249F9180008C5FB3 /* Assets.xcassets in Resources */ = {isa = PBXBuildFile; fileRef = 1BD3B7D7249F9180008C5FB3 /* Assets.xcassets */; };
		1BD3B7DB249F9180008C5FB3 /* LaunchScreen.storyboard in Resources */ = {isa = PBXBuildFile; fileRef = 1BD3B7D9249F9180008C5FB3 /* LaunchScreen.storyboard */; };
		1BD3B7DE249F9180008C5FB3 /* main.m in Sources */ = {isa = PBXBuildFile; fileRef = 1BD3B7DD249F9180008C5FB3 /* main.m */; };
		1BD3B7E7249F9495008C5FB3 /* YahooFinService.m in Sources */ = {isa = PBXBuildFile; fileRef = 1BD3B7E6249F9495008C5FB3 /* YahooFinService.m */; };
		9CC6AD71188C17E0C5D7A1D4 /* libPods-SmartPortfolio.a in Frameworks */ = {isa = PBXBuildFile; fileRef = 487AF8CEE1676E57536707E2 /* libPods-SmartPortfolio.a */; };
/* End PBXBuildFile section */

/* Begin PBXFileReference section */
		1BD3B7C5249F9178008C5FB3 /* SmartPortfolio.app */ = {isa = PBXFileReference; explicitFileType = wrapper.application; includeInIndex = 0; path = SmartPortfolio.app; sourceTree = BUILT_PRODUCTS_DIR; };
		1BD3B7C8249F9178008C5FB3 /* AppDelegate.h */ = {isa = PBXFileReference; lastKnownFileType = sourcecode.c.h; path = AppDelegate.h; sourceTree = "<group>"; };
		1BD3B7C9249F9178008C5FB3 /* AppDelegate.m */ = {isa = PBXFileReference; lastKnownFileType = sourcecode.c.objc; path = AppDelegate.m; sourceTree = "<group>"; };
		1BD3B7CB249F9178008C5FB3 /* SceneDelegate.h */ = {isa = PBXFileReference; lastKnownFileType = sourcecode.c.h; path = SceneDelegate.h; sourceTree = "<group>"; };
		1BD3B7CC249F9178008C5FB3 /* SceneDelegate.m */ = {isa = PBXFileReference; lastKnownFileType = sourcecode.c.objc; path = SceneDelegate.m; sourceTree = "<group>"; };
		1BD3B7CE249F9178008C5FB3 /* ViewController.h */ = {isa = PBXFileReference; lastKnownFileType = sourcecode.c.h; path = ViewController.h; sourceTree = "<group>"; };
		1BD3B7CF249F9178008C5FB3 /* ViewController.m */ = {isa = PBXFileReference; lastKnownFileType = sourcecode.c.objc; path = ViewController.m; sourceTree = "<group>"; };
		1BD3B7D2249F9178008C5FB3 /* Base */ = {isa = PBXFileReference; lastKnownFileType = file.storyboard; name = Base; path = Base.lproj/Main.storyboard; sourceTree = "<group>"; };
		1BD3B7D5249F9178008C5FB3 /* SmartPortfolio.xcdatamodel */ = {isa = PBXFileReference; lastKnownFileType = wrapper.xcdatamodel; path = SmartPortfolio.xcdatamodel; sourceTree = "<group>"; };
		1BD3B7D7249F9180008C5FB3 /* Assets.xcassets */ = {isa = PBXFileReference; lastKnownFileType = folder.assetcatalog; path = Assets.xcassets; sourceTree = "<group>"; };
		1BD3B7DA249F9180008C5FB3 /* Base */ = {isa = PBXFileReference; lastKnownFileType = file.storyboard; name = Base; path = Base.lproj/LaunchScreen.storyboard; sourceTree = "<group>"; };
		1BD3B7DC249F9180008C5FB3 /* Info.plist */ = {isa = PBXFileReference; lastKnownFileType = text.plist.xml; path = Info.plist; sourceTree = "<group>"; };
		1BD3B7DD249F9180008C5FB3 /* main.m */ = {isa = PBXFileReference; lastKnownFileType = sourcecode.c.objc; path = main.m; sourceTree = "<group>"; };
		1BD3B7E5249F9495008C5FB3 /* YahooFinService.h */ = {isa = PBXFileReference; lastKnownFileType = sourcecode.c.h; path = YahooFinService.h; sourceTree = "<group>"; };
		1BD3B7E6249F9495008C5FB3 /* YahooFinService.m */ = {isa = PBXFileReference; lastKnownFileType = sourcecode.c.objc; path = YahooFinService.m; sourceTree = "<group>"; };
		24371944EF7D1F62D0D44704 /* Pods-SmartPortfolio.release.xcconfig */ = {isa = PBXFileReference; includeInIndex = 1; lastKnownFileType = text.xcconfig; name = "Pods-SmartPortfolio.release.xcconfig"; path = "Target Support Files/Pods-SmartPortfolio/Pods-SmartPortfolio.release.xcconfig"; sourceTree = "<group>"; };
		487AF8CEE1676E57536707E2 /* libPods-SmartPortfolio.a */ = {isa = PBXFileReference; explicitFileType = archive.ar; includeInIndex = 0; path = "libPods-SmartPortfolio.a"; sourceTree = BUILT_PRODUCTS_DIR; };
		5B46671DB9D09E029D90CF2C /* Pods-SmartPortfolio.debug.xcconfig */ = {isa = PBXFileReference; includeInIndex = 1; lastKnownFileType = text.xcconfig; name = "Pods-SmartPortfolio.debug.xcconfig"; path = "Target Support Files/Pods-SmartPortfolio/Pods-SmartPortfolio.debug.xcconfig"; sourceTree = "<group>"; };
/* End PBXFileReference section */

/* Begin PBXFrameworksBuildPhase section */
		1BD3B7C2249F9178008C5FB3 /* Frameworks */ = {
			isa = PBXFrameworksBuildPhase;
			buildActionMask = 2147483647;
			files = (
				9CC6AD71188C17E0C5D7A1D4 /* libPods-SmartPortfolio.a in Frameworks */,
			);
			runOnlyForDeploymentPostprocessing = 0;
		};
/* End PBXFrameworksBuildPhase section */

/* Begin PBXGroup section */
		1BD3B7BC249F9178008C5FB3 = {
			isa = PBXGroup;
			children = (
				1BD3B7C7249F9178008C5FB3 /* SmartPortfolio */,
				1BD3B7C6249F9178008C5FB3 /* Products */,
				A4E5B50C46C41E700B7F2B14 /* Pods */,
				606D9716A0064EA6A25BB412 /* Frameworks */,
			);
			sourceTree = "<group>";
		};
		1BD3B7C6249F9178008C5FB3 /* Products */ = {
			isa = PBXGroup;
			children = (
				1BD3B7C5249F9178008C5FB3 /* SmartPortfolio.app */,
			);
			name = Products;
			sourceTree = "<group>";
		};
		1BD3B7C7249F9178008C5FB3 /* SmartPortfolio */ = {
			isa = PBXGroup;
			children = (
				1BD3B7E4249F946E008C5FB3 /* FinanceAPI */,
				1BD3B7C8249F9178008C5FB3 /* AppDelegate.h */,
				1BD3B7C9249F9178008C5FB3 /* AppDelegate.m */,
				1BD3B7CB249F9178008C5FB3 /* SceneDelegate.h */,
				1BD3B7CC249F9178008C5FB3 /* SceneDelegate.m */,
				1BD3B7CE249F9178008C5FB3 /* ViewController.h */,
				1BD3B7CF249F9178008C5FB3 /* ViewController.m */,
				1BD3B7D1249F9178008C5FB3 /* Main.storyboard */,
				1BD3B7D7249F9180008C5FB3 /* Assets.xcassets */,
				1BD3B7D9249F9180008C5FB3 /* LaunchScreen.storyboard */,
				1BD3B7DC249F9180008C5FB3 /* Info.plist */,
				1BD3B7DD249F9180008C5FB3 /* main.m */,
				1BD3B7D4249F9178008C5FB3 /* SmartPortfolio.xcdatamodeld */,
			);
			path = SmartPortfolio;
			sourceTree = "<group>";
		};
		1BD3B7E4249F946E008C5FB3 /* FinanceAPI */ = {
			isa = PBXGroup;
			children = (
				1BD3B7E5249F9495008C5FB3 /* YahooFinService.h */,
				1BD3B7E6249F9495008C5FB3 /* YahooFinService.m */,
			);
			path = FinanceAPI;
			sourceTree = "<group>";
		};
		606D9716A0064EA6A25BB412 /* Frameworks */ = {
			isa = PBXGroup;
			children = (
				487AF8CEE1676E57536707E2 /* libPods-SmartPortfolio.a */,
			);
			name = Frameworks;
			sourceTree = "<group>";
		};
		A4E5B50C46C41E700B7F2B14 /* Pods */ = {
			isa = PBXGroup;
			children = (
				5B46671DB9D09E029D90CF2C /* Pods-SmartPortfolio.debug.xcconfig */,
				24371944EF7D1F62D0D44704 /* Pods-SmartPortfolio.release.xcconfig */,
			);
			path = Pods;
			sourceTree = "<group>";
		};
/* End PBXGroup section */

/* Begin PBXNativeTarget section */
		1BD3B7C4249F9178008C5FB3 /* SmartPortfolio */ = {
			isa = PBXNativeTarget;
			buildConfigurationList = 1BD3B7E1249F9180008C5FB3 /* Build configuration list for PBXNativeTarget "SmartPortfolio" */;
			buildPhases = (
				E82D59BE03C9B668E9070BD2 /* [CP] Check Pods Manifest.lock */,
				1BD3B7C1249F9178008C5FB3 /* Sources */,
				1BD3B7C2249F9178008C5FB3 /* Frameworks */,
				1BD3B7C3249F9178008C5FB3 /* Resources */,
			);
			buildRules = (
			);
			dependencies = (
			);
			name = SmartPortfolio;
			productName = SmartPortfolio;
			productReference = 1BD3B7C5249F9178008C5FB3 /* SmartPortfolio.app */;
			productType = "com.apple.product-type.application";
		};
/* End PBXNativeTarget section */

/* Begin PBXProject section */
		1BD3B7BD249F9178008C5FB3 /* Project object */ = {
			isa = PBXProject;
			attributes = {
				LastUpgradeCheck = 1150;
				ORGANIZATIONNAME = "Водолазкий В.В.";
				TargetAttributes = {
					1BD3B7C4249F9178008C5FB3 = {
						CreatedOnToolsVersion = 11.5;
					};
				};
			};
			buildConfigurationList = 1BD3B7C0249F9178008C5FB3 /* Build configuration list for PBXProject "SmartPortfolio" */;
			compatibilityVersion = "Xcode 9.3";
			developmentRegion = en;
			hasScannedForEncodings = 0;
			knownRegions = (
				en,
				Base,
			);
			mainGroup = 1BD3B7BC249F9178008C5FB3;
			productRefGroup = 1BD3B7C6249F9178008C5FB3 /* Products */;
			projectDirPath = "";
			projectRoot = "";
			targets = (
				1BD3B7C4249F9178008C5FB3 /* SmartPortfolio */,
			);
		};
/* End PBXProject section */

/* Begin PBXResourcesBuildPhase section */
		1BD3B7C3249F9178008C5FB3 /* Resources */ = {
			isa = PBXResourcesBuildPhase;
			buildActionMask = 2147483647;
			files = (
				1BD3B7DB249F9180008C5FB3 /* LaunchScreen.storyboard in Resources */,
				1BD3B7D8249F9180008C5FB3 /* Assets.xcassets in Resources */,
				1BD3B7D3249F9178008C5FB3 /* Main.storyboard in Resources */,
			);
			runOnlyForDeploymentPostprocessing = 0;
		};
/* End PBXResourcesBuildPhase section */

/* Begin PBXShellScriptBuildPhase section */
		E82D59BE03C9B668E9070BD2 /* [CP] Check Pods Manifest.lock */ = {
			isa = PBXShellScriptBuildPhase;
			buildActionMask = 2147483647;
			files = (
			);
			inputFileListPaths = (
			);
			inputPaths = (
				"${PODS_PODFILE_DIR_PATH}/Podfile.lock",
				"${PODS_ROOT}/Manifest.lock",
			);
			name = "[CP] Check Pods Manifest.lock";
			outputFileListPaths = (
			);
			outputPaths = (
				"$(DERIVED_FILE_DIR)/Pods-SmartPortfolio-checkManifestLockResult.txt",
			);
			runOnlyForDeploymentPostprocessing = 0;
			shellPath = /bin/sh;
			shellScript = "diff \"${PODS_PODFILE_DIR_PATH}/Podfile.lock\" \"${PODS_ROOT}/Manifest.lock\" > /dev/null\nif [ $? != 0 ] ; then\n    # print error to STDERR\n    echo \"error: The sandbox is not in sync with the Podfile.lock. Run 'pod install' or update your CocoaPods installation.\" >&2\n    exit 1\nfi\n# This output is used by Xcode 'outputs' to avoid re-running this script phase.\necho \"SUCCESS\" > \"${SCRIPT_OUTPUT_FILE_0}\"\n";
			showEnvVarsInLog = 0;
		};
/* End PBXShellScriptBuildPhase section */

/* Begin PBXSourcesBuildPhase section */
		1BD3B7C1249F9178008C5FB3 /* Sources */ = {
			isa = PBXSourcesBuildPhase;
			buildActionMask = 2147483647;
			files = (
				1BD3B7DE249F9180008C5FB3 /* main.m in Sources */,
				1BD3B7D6249F9178008C5FB3 /* SmartPortfolio.xcdatamodeld in Sources */,
				1BD3B7D0249F9178008C5FB3 /* ViewController.m in Sources */,
				1BD3B7CA249F9178008C5FB3 /* AppDelegate.m in Sources */,
				1BD3B7E7249F9495008C5FB3 /* YahooFinService.m in Sources */,
				1BD3B7CD249F9178008C5FB3 /* SceneDelegate.m in Sources */,
			);
			runOnlyForDeploymentPostprocessing = 0;
		};
/* End PBXSourcesBuildPhase section */

/* Begin PBXVariantGroup section */
		1BD3B7D1249F9178008C5FB3 /* Main.storyboard */ = {
			isa = PBXVariantGroup;
			children = (
				1BD3B7D2249F9178008C5FB3 /* Base */,
			);
			name = Main.storyboard;
			sourceTree = "<group>";
		};
		1BD3B7D9249F9180008C5FB3 /* LaunchScreen.storyboard */ = {
			isa = PBXVariantGroup;
			children = (
				1BD3B7DA249F9180008C5FB3 /* Base */,
			);
			name = LaunchScreen.storyboard;
			sourceTree = "<group>";
		};
/* End PBXVariantGroup section */

/* Begin XCBuildConfiguration section */
		1BD3B7DF249F9180008C5FB3 /* Debug */ = {
			isa = XCBuildConfiguration;
			buildSettings = {
				ALWAYS_SEARCH_USER_PATHS = NO;
				CLANG_ANALYZER_NONNULL = YES;
				CLANG_ANALYZER_NUMBER_OBJECT_CONVERSION = YES_AGGRESSIVE;
				CLANG_CXX_LANGUAGE_STANDARD = "gnu++14";
				CLANG_CXX_LIBRARY = "libc++";
				CLANG_ENABLE_MODULES = YES;
				CLANG_ENABLE_OBJC_ARC = YES;
				CLANG_ENABLE_OBJC_WEAK = YES;
				CLANG_WARN_BLOCK_CAPTURE_AUTORELEASING = YES;
				CLANG_WARN_BOOL_CONVERSION = YES;
				CLANG_WARN_COMMA = YES;
				CLANG_WARN_CONSTANT_CONVERSION = YES;
				CLANG_WARN_DEPRECATED_OBJC_IMPLEMENTATIONS = YES;
				CLANG_WARN_DIRECT_OBJC_ISA_USAGE = YES_ERROR;
				CLANG_WARN_DOCUMENTATION_COMMENTS = YES;
				CLANG_WARN_EMPTY_BODY = YES;
				CLANG_WARN_ENUM_CONVERSION = YES;
				CLANG_WARN_INFINITE_RECURSION = YES;
				CLANG_WARN_INT_CONVERSION = YES;
				CLANG_WARN_NON_LITERAL_NULL_CONVERSION = YES;
				CLANG_WARN_OBJC_IMPLICIT_RETAIN_SELF = YES;
				CLANG_WARN_OBJC_LITERAL_CONVERSION = YES;
				CLANG_WARN_OBJC_ROOT_CLASS = YES_ERROR;
				CLANG_WARN_RANGE_LOOP_ANALYSIS = YES;
				CLANG_WARN_STRICT_PROTOTYPES = YES;
				CLANG_WARN_SUSPICIOUS_MOVE = YES;
				CLANG_WARN_UNGUARDED_AVAILABILITY = YES_AGGRESSIVE;
				CLANG_WARN_UNREACHABLE_CODE = YES;
				CLANG_WARN__DUPLICATE_METHOD_MATCH = YES;
				COPY_PHASE_STRIP = NO;
				DEBUG_INFORMATION_FORMAT = dwarf;
				ENABLE_STRICT_OBJC_MSGSEND = YES;
				ENABLE_TESTABILITY = YES;
				GCC_C_LANGUAGE_STANDARD = gnu11;
				GCC_DYNAMIC_NO_PIC = NO;
				GCC_NO_COMMON_BLOCKS = YES;
				GCC_OPTIMIZATION_LEVEL = 0;
				GCC_PREPROCESSOR_DEFINITIONS = (
					"DEBUG=1",
					"$(inherited)",
				);
				GCC_WARN_64_TO_32_BIT_CONVERSION = YES;
				GCC_WARN_ABOUT_RETURN_TYPE = YES_ERROR;
				GCC_WARN_UNDECLARED_SELECTOR = YES;
				GCC_WARN_UNINITIALIZED_AUTOS = YES_AGGRESSIVE;
				GCC_WARN_UNUSED_FUNCTION = YES;
				GCC_WARN_UNUSED_VARIABLE = YES;
				IPHONEOS_DEPLOYMENT_TARGET = 13.5;
				MTL_ENABLE_DEBUG_INFO = INCLUDE_SOURCE;
				MTL_FAST_MATH = YES;
				ONLY_ACTIVE_ARCH = YES;
				SDKROOT = iphoneos;
			};
			name = Debug;
		};
		1BD3B7E0249F9180008C5FB3 /* Release */ = {
			isa = XCBuildConfiguration;
			buildSettings = {
				ALWAYS_SEARCH_USER_PATHS = NO;
				CLANG_ANALYZER_NONNULL = YES;
				CLANG_ANALYZER_NUMBER_OBJECT_CONVERSION = YES_AGGRESSIVE;
				CLANG_CXX_LANGUAGE_STANDARD = "gnu++14";
				CLANG_CXX_LIBRARY = "libc++";
				CLANG_ENABLE_MODULES = YES;
				CLANG_ENABLE_OBJC_ARC = YES;
				CLANG_ENABLE_OBJC_WEAK = YES;
				CLANG_WARN_BLOCK_CAPTURE_AUTORELEASING = YES;
				CLANG_WARN_BOOL_CONVERSION = YES;
				CLANG_WARN_COMMA = YES;
				CLANG_WARN_CONSTANT_CONVERSION = YES;
				CLANG_WARN_DEPRECATED_OBJC_IMPLEMENTATIONS = YES;
				CLANG_WARN_DIRECT_OBJC_ISA_USAGE = YES_ERROR;
				CLANG_WARN_DOCUMENTATION_COMMENTS = YES;
				CLANG_WARN_EMPTY_BODY = YES;
				CLANG_WARN_ENUM_CONVERSION = YES;
				CLANG_WARN_INFINITE_RECURSION = YES;
				CLANG_WARN_INT_CONVERSION = YES;
				CLANG_WARN_NON_LITERAL_NULL_CONVERSION = YES;
				CLANG_WARN_OBJC_IMPLICIT_RETAIN_SELF = YES;
				CLANG_WARN_OBJC_LITERAL_CONVERSION = YES;
				CLANG_WARN_OBJC_ROOT_CLASS = YES_ERROR;
				CLANG_WARN_RANGE_LOOP_ANALYSIS = YES;
				CLANG_WARN_STRICT_PROTOTYPES = YES;
				CLANG_WARN_SUSPICIOUS_MOVE = YES;
				CLANG_WARN_UNGUARDED_AVAILABILITY = YES_AGGRESSIVE;
				CLANG_WARN_UNREACHABLE_CODE = YES;
				CLANG_WARN__DUPLICATE_METHOD_MATCH = YES;
				COPY_PHASE_STRIP = NO;
				DEBUG_INFORMATION_FORMAT = "dwarf-with-dsym";
				ENABLE_NS_ASSERTIONS = NO;
				ENABLE_STRICT_OBJC_MSGSEND = YES;
				GCC_C_LANGUAGE_STANDARD = gnu11;
				GCC_NO_COMMON_BLOCKS = YES;
				GCC_WARN_64_TO_32_BIT_CONVERSION = YES;
				GCC_WARN_ABOUT_RETURN_TYPE = YES_ERROR;
				GCC_WARN_UNDECLARED_SELECTOR = YES;
				GCC_WARN_UNINITIALIZED_AUTOS = YES_AGGRESSIVE;
				GCC_WARN_UNUSED_FUNCTION = YES;
				GCC_WARN_UNUSED_VARIABLE = YES;
				IPHONEOS_DEPLOYMENT_TARGET = 13.5;
				MTL_ENABLE_DEBUG_INFO = NO;
				MTL_FAST_MATH = YES;
				SDKROOT = iphoneos;
				VALIDATE_PRODUCT = YES;
			};
			name = Release;
		};
		1BD3B7E2249F9180008C5FB3 /* Debug */ = {
			isa = XCBuildConfiguration;
			baseConfigurationReference = 5B46671DB9D09E029D90CF2C /* Pods-SmartPortfolio.debug.xcconfig */;
			buildSettings = {
				ASSETCATALOG_COMPILER_APPICON_NAME = AppIcon;
				CODE_SIGN_STYLE = Automatic;
				DEVELOPMENT_TEAM = UKBNTL7HA9;
				INFOPLIST_FILE = SmartPortfolio/Info.plist;
				LD_RUNPATH_SEARCH_PATHS = (
					"$(inherited)",
					"@executable_path/Frameworks",
				);
				PRODUCT_BUNDLE_IDENTIFIER = geomatix.cz.SmartPortfolio;
				PRODUCT_NAME = "$(TARGET_NAME)";
				TARGETED_DEVICE_FAMILY = "1,2";
			};
			name = Debug;
		};
		1BD3B7E3249F9180008C5FB3 /* Release */ = {
			isa = XCBuildConfiguration;
			baseConfigurationReference = 24371944EF7D1F62D0D44704 /* Pods-SmartPortfolio.release.xcconfig */;
			buildSettings = {
				ASSETCATALOG_COMPILER_APPICON_NAME = AppIcon;
				CODE_SIGN_STYLE = Automatic;
				DEVELOPMENT_TEAM = UKBNTL7HA9;
				INFOPLIST_FILE = SmartPortfolio/Info.plist;
				LD_RUNPATH_SEARCH_PATHS = (
					"$(inherited)",
					"@executable_path/Frameworks",
				);
				PRODUCT_BUNDLE_IDENTIFIER = geomatix.cz.SmartPortfolio;
				PRODUCT_NAME = "$(TARGET_NAME)";
				TARGETED_DEVICE_FAMILY = "1,2";
			};
			name = Release;
		};
/* End XCBuildConfiguration section */

/* Begin XCConfigurationList section */
		1BD3B7C0249F9178008C5FB3 /* Build configuration list for PBXProject "SmartPortfolio" */ = {
			isa = XCConfigurationList;
			buildConfigurations = (
				1BD3B7DF249F9180008C5FB3 /* Debug */,
				1BD3B7E0249F9180008C5FB3 /* Release */,
			);
			defaultConfigurationIsVisible = 0;
			defaultConfigurationName = Release;
		};
		1BD3B7E1249F9180008C5FB3 /* Build configuration list for PBXNativeTarget "SmartPortfolio" */ = {
			isa = XCConfigurationList;
			buildConfigurations = (
				1BD3B7E2249F9180008C5FB3 /* Debug */,
				1BD3B7E3249F9180008C5FB3 /* Release */,
			);
			defaultConfigurationIsVisible = 0;
			defaultConfigurationName = Release;
		};
/* End XCConfigurationList section */

/* Begin XCVersionGroup section */
		1BD3B7D4249F9178008C5FB3 /* SmartPortfolio.xcdatamodeld */ = {
			isa = XCVersionGroup;
			children = (
				1BD3B7D5249F9178008C5FB3 /* SmartPortfolio.xcdatamodel */,
			);
			currentVersion = 1BD3B7D5249F9178008C5FB3 /* SmartPortfolio.xcdatamodel */;
			path = SmartPortfolio.xcdatamodeld;
			sourceTree = "<group>";
			versionGroupType = wrapper.xcdatamodel;
		};
/* End XCVersionGroup section */
	};
	rootObject = 1BD3B7BD249F9178008C5FB3 /* Project object */;
}
